
Microsoft Visual Studio Solution File, Format Version 12.00
# Visual Studio Version 17
VisualStudioVersion = 17.1.32421.90
MinimumVisualStudioVersion = 10.0.40219.1
Project("{9A19103F-16F7-4668-BE54-9A1E7A4F7556}") = "Clinic.Application", "Clinic\Clinic.Application.csproj", "{ED0C9C50-705C-4C96-8FF6-5C14E602DE99}"
EndProject
Project("{FAE04EC0-301F-11D3-BF4B-00C04F79EFBC}") = "Clinic.Domain", "Clinic.Domain\Clinic.Domain.csproj", "{EA057C98-0CCA-4583-BD9F-06033C0AEEE1}"
EndProject
Global
	GlobalSection(SolutionConfigurationPlatforms) = preSolution
		Debug|Any CPU = Debug|Any CPU
		Release|Any CPU = Release|Any CPU
	EndGlobalSection
	GlobalSection(ProjectConfigurationPlatforms) = postSolution
		{ED0C9C50-705C-4C96-8FF6-5C14E602DE99}.Debug|Any CPU.ActiveCfg = Debug|Any CPU
		{ED0C9C50-705C-4C96-8FF6-5C14E602DE99}.Debug|Any CPU.Build.0 = Debug|Any CPU
		{ED0C9C50-705C-4C96-8FF6-5C14E602DE99}.Release|Any CPU.ActiveCfg = Release|Any CPU
		{ED0C9C50-705C-4C96-8FF6-5C14E602DE99}.Release|Any CPU.Build.0 = Release|Any CPU
		{EA057C98-0CCA-4583-BD9F-06033C0AEEE1}.Debug|Any CPU.ActiveCfg = Debug|Any CPU
		{EA057C98-0CCA-4583-BD9F-06033C0AEEE1}.Debug|Any CPU.Build.0 = Debug|Any CPU
		{EA057C98-0CCA-4583-BD9F-06033C0AEEE1}.Release|Any CPU.ActiveCfg = Release|Any CPU
		{EA057C98-0CCA-4583-BD9F-06033C0AEEE1}.Release|Any CPU.Build.0 = Release|Any CPU
	EndGlobalSection
	GlobalSection(SolutionProperties) = preSolution
		HideSolutionNode = FALSE
	EndGlobalSection
	GlobalSection(ExtensibilityGlobals) = postSolution
		SolutionGuid = {567EA8B7-4B39-48D0-BE66-F8F3120203CD}
	EndGlobalSection
EndGlobal
